
Microsoft Visual Studio Solution File, Format Version 12.00
# Visual Studio Version 17
VisualStudioVersion = 17.12.35527.113
MinimumVisualStudioVersion = 10.0.40219.1
Project("{FAE04EC0-301F-11D3-BF4B-00C04F79EFBC}") = "CustomerWebApi", "customer\src\CustomerWebApi\CustomerWebApi.csproj", "{E30CC388-3033-49D2-B9BB-1695E2F0E19C}"
EndProject
Project("{FAE04EC0-301F-11D3-BF4B-00C04F79EFBC}") = "Application", "customer\src\Application\Application.csproj", "{641AE6C5-9566-4B37-BC38-A690EBBE412A}"
EndProject
Project("{FAE04EC0-301F-11D3-BF4B-00C04F79EFBC}") = "Domain", "customer\src\Domain\Domain.csproj", "{1F580412-A817-4A6A-A561-9898AB9FE4E9}"
EndProject
Project("{FAE04EC0-301F-11D3-BF4B-00C04F79EFBC}") = "Infrastructure", "customer\src\Infrastructure\Infrastructure.csproj", "{DC66B8DA-94EF-4470-A55D-F56AC28D3050}"
EndProject
Project("{2150E333-8FDC-42A3-9474-1A3956D46DE8}") = "customer", "customer", "{C9CF8055-EBCC-4FF0-B800-9E30191C1AC2}"
EndProject
Project("{2150E333-8FDC-42A3-9474-1A3956D46DE8}") = "src", "src", "{0A0745E8-669E-44B7-92BA-DC6D65B6BEF9}"
EndProject
Project("{2150E333-8FDC-42A3-9474-1A3956D46DE8}") = "tests", "tests", "{2E0FA651-F08A-41E2-921A-FCAFDD3CD585}"
EndProject
Project("{2150E333-8FDC-42A3-9474-1A3956D46DE8}") = ".http", ".http", "{DC352629-0ADE-4306-97C4-58141A79FCA9}"
	ProjectSection(SolutionItems) = preProject
		customer\.http\customer.http = customer\.http\customer.http
	EndProjectSection
EndProject
Project("{2150E333-8FDC-42A3-9474-1A3956D46DE8}") = "order", "order", "{EC1FCACE-6623-4287-9E11-A4E6FD56E7D1}"
EndProject
Project("{2150E333-8FDC-42A3-9474-1A3956D46DE8}") = "src", "src", "{D5C69123-B61B-4B63-9D67-6A2FCE26542D}"
EndProject
Project("{2150E333-8FDC-42A3-9474-1A3956D46DE8}") = ".http", ".http", "{5A6BFE4E-5122-4FE6-8E10-42406BC0EB9E}"
	ProjectSection(SolutionItems) = preProject
		order\.http\order.http = order\.http\order.http
	EndProjectSection
EndProject
Project("{2150E333-8FDC-42A3-9474-1A3956D46DE8}") = "tests", "tests", "{734609DA-9039-425D-9D32-A53C0527909A}"
EndProject
Project("{FAE04EC0-301F-11D3-BF4B-00C04F79EFBC}") = "Application", "order\src\Application\Application.csproj", "{392A7422-FAB6-4A23-9B4E-70A0409A60F1}"
EndProject
Project("{FAE04EC0-301F-11D3-BF4B-00C04F79EFBC}") = "Domain", "order\src\Domain\Domain.csproj", "{21F3A5E0-CE5C-438A-99A7-11480B46850F}"
EndProject
Project("{FAE04EC0-301F-11D3-BF4B-00C04F79EFBC}") = "Infrastructure", "order\src\Infrastructure\Infrastructure.csproj", "{02D7B9E2-9BEA-4406-A74B-1E9DB0556720}"
EndProject
Project("{FAE04EC0-301F-11D3-BF4B-00C04F79EFBC}") = "OrderWebApi", "order\src\OrderWebApi\OrderWebApi.csproj", "{7F6FFDB3-1443-47F3-9137-0E3B186B465E}"
EndProject
Project("{2150E333-8FDC-42A3-9474-1A3956D46DE8}") = "catalog", "catalog", "{BC906257-2BA2-4FDC-BEE1-735E44E056DD}"
EndProject
Project("{2150E333-8FDC-42A3-9474-1A3956D46DE8}") = ".http", ".http", "{9B758F74-366C-4EA5-ADAE-1D06DCBAECDC}"
	ProjectSection(SolutionItems) = preProject
		catalog\.http\catalog.http = catalog\.http\catalog.http
	EndProjectSection
EndProject
Project("{2150E333-8FDC-42A3-9474-1A3956D46DE8}") = "src", "src", "{B642E686-EE7F-4EB7-9F51-264E047EF4AB}"
EndProject
Project("{2150E333-8FDC-42A3-9474-1A3956D46DE8}") = "tests", "tests", "{ACCA3F67-4C26-42AF-9EEB-0E4962139D3C}"
EndProject
Project("{FAE04EC0-301F-11D3-BF4B-00C04F79EFBC}") = "CatalogWebApi", "catalog\src\CatalogWebApi\CatalogWebApi.csproj", "{372069D7-5C03-4981-A088-4B0A0FE6E25F}"
EndProject
Project("{FAE04EC0-301F-11D3-BF4B-00C04F79EFBC}") = "Application", "catalog\src\Application\Application.csproj", "{52A3E1EC-F10C-442C-AEA6-7F6B8D94AB08}"
EndProject
Project("{FAE04EC0-301F-11D3-BF4B-00C04F79EFBC}") = "Domain", "catalog\src\Domain\Domain.csproj", "{AB995FA6-3AA8-4371-A48E-A69644D93BFA}"
EndProject
Project("{FAE04EC0-301F-11D3-BF4B-00C04F79EFBC}") = "Infrastructure", "catalog\src\Infrastructure\Infrastructure.csproj", "{53F40C7E-AD3C-4E4B-BD8C-E16CEF42E940}"
EndProject
Global
	GlobalSection(SolutionConfigurationPlatforms) = preSolution
		Debug|Any CPU = Debug|Any CPU
		Release|Any CPU = Release|Any CPU
	EndGlobalSection
	GlobalSection(ProjectConfigurationPlatforms) = postSolution
		{E30CC388-3033-49D2-B9BB-1695E2F0E19C}.Debug|Any CPU.ActiveCfg = Debug|Any CPU
		{E30CC388-3033-49D2-B9BB-1695E2F0E19C}.Debug|Any CPU.Build.0 = Debug|Any CPU
		{E30CC388-3033-49D2-B9BB-1695E2F0E19C}.Release|Any CPU.ActiveCfg = Release|Any CPU
		{E30CC388-3033-49D2-B9BB-1695E2F0E19C}.Release|Any CPU.Build.0 = Release|Any CPU
		{641AE6C5-9566-4B37-BC38-A690EBBE412A}.Debug|Any CPU.ActiveCfg = Debug|Any CPU
		{641AE6C5-9566-4B37-BC38-A690EBBE412A}.Debug|Any CPU.Build.0 = Debug|Any CPU
		{641AE6C5-9566-4B37-BC38-A690EBBE412A}.Release|Any CPU.ActiveCfg = Release|Any CPU
		{641AE6C5-9566-4B37-BC38-A690EBBE412A}.Release|Any CPU.Build.0 = Release|Any CPU
		{1F580412-A817-4A6A-A561-9898AB9FE4E9}.Debug|Any CPU.ActiveCfg = Debug|Any CPU
		{1F580412-A817-4A6A-A561-9898AB9FE4E9}.Debug|Any CPU.Build.0 = Debug|Any CPU
		{1F580412-A817-4A6A-A561-9898AB9FE4E9}.Release|Any CPU.ActiveCfg = Release|Any CPU
		{1F580412-A817-4A6A-A561-9898AB9FE4E9}.Release|Any CPU.Build.0 = Release|Any CPU
		{DC66B8DA-94EF-4470-A55D-F56AC28D3050}.Debug|Any CPU.ActiveCfg = Debug|Any CPU
		{DC66B8DA-94EF-4470-A55D-F56AC28D3050}.Debug|Any CPU.Build.0 = Debug|Any CPU
		{DC66B8DA-94EF-4470-A55D-F56AC28D3050}.Release|Any CPU.ActiveCfg = Release|Any CPU
		{DC66B8DA-94EF-4470-A55D-F56AC28D3050}.Release|Any CPU.Build.0 = Release|Any CPU
		{392A7422-FAB6-4A23-9B4E-70A0409A60F1}.Debug|Any CPU.ActiveCfg = Debug|Any CPU
		{392A7422-FAB6-4A23-9B4E-70A0409A60F1}.Debug|Any CPU.Build.0 = Debug|Any CPU
		{392A7422-FAB6-4A23-9B4E-70A0409A60F1}.Release|Any CPU.ActiveCfg = Release|Any CPU
		{392A7422-FAB6-4A23-9B4E-70A0409A60F1}.Release|Any CPU.Build.0 = Release|Any CPU
		{21F3A5E0-CE5C-438A-99A7-11480B46850F}.Debug|Any CPU.ActiveCfg = Debug|Any CPU
		{21F3A5E0-CE5C-438A-99A7-11480B46850F}.Debug|Any CPU.Build.0 = Debug|Any CPU
		{21F3A5E0-CE5C-438A-99A7-11480B46850F}.Release|Any CPU.ActiveCfg = Release|Any CPU
		{21F3A5E0-CE5C-438A-99A7-11480B46850F}.Release|Any CPU.Build.0 = Release|Any CPU
		{02D7B9E2-9BEA-4406-A74B-1E9DB0556720}.Debug|Any CPU.ActiveCfg = Debug|Any CPU
		{02D7B9E2-9BEA-4406-A74B-1E9DB0556720}.Debug|Any CPU.Build.0 = Debug|Any CPU
		{02D7B9E2-9BEA-4406-A74B-1E9DB0556720}.Release|Any CPU.ActiveCfg = Release|Any CPU
		{02D7B9E2-9BEA-4406-A74B-1E9DB0556720}.Release|Any CPU.Build.0 = Release|Any CPU
		{7F6FFDB3-1443-47F3-9137-0E3B186B465E}.Debug|Any CPU.ActiveCfg = Debug|Any CPU
		{7F6FFDB3-1443-47F3-9137-0E3B186B465E}.Debug|Any CPU.Build.0 = Debug|Any CPU
		{7F6FFDB3-1443-47F3-9137-0E3B186B465E}.Release|Any CPU.ActiveCfg = Release|Any CPU
		{7F6FFDB3-1443-47F3-9137-0E3B186B465E}.Release|Any CPU.Build.0 = Release|Any CPU
		{372069D7-5C03-4981-A088-4B0A0FE6E25F}.Debug|Any CPU.ActiveCfg = Debug|Any CPU
		{372069D7-5C03-4981-A088-4B0A0FE6E25F}.Debug|Any CPU.Build.0 = Debug|Any CPU
		{372069D7-5C03-4981-A088-4B0A0FE6E25F}.Release|Any CPU.ActiveCfg = Release|Any CPU
		{372069D7-5C03-4981-A088-4B0A0FE6E25F}.Release|Any CPU.Build.0 = Release|Any CPU
		{52A3E1EC-F10C-442C-AEA6-7F6B8D94AB08}.Debug|Any CPU.ActiveCfg = Debug|Any CPU
		{52A3E1EC-F10C-442C-AEA6-7F6B8D94AB08}.Debug|Any CPU.Build.0 = Debug|Any CPU
		{52A3E1EC-F10C-442C-AEA6-7F6B8D94AB08}.Release|Any CPU.ActiveCfg = Release|Any CPU
		{52A3E1EC-F10C-442C-AEA6-7F6B8D94AB08}.Release|Any CPU.Build.0 = Release|Any CPU
		{AB995FA6-3AA8-4371-A48E-A69644D93BFA}.Debug|Any CPU.ActiveCfg = Debug|Any CPU
		{AB995FA6-3AA8-4371-A48E-A69644D93BFA}.Debug|Any CPU.Build.0 = Debug|Any CPU
		{AB995FA6-3AA8-4371-A48E-A69644D93BFA}.Release|Any CPU.ActiveCfg = Release|Any CPU
		{AB995FA6-3AA8-4371-A48E-A69644D93BFA}.Release|Any CPU.Build.0 = Release|Any CPU
		{53F40C7E-AD3C-4E4B-BD8C-E16CEF42E940}.Debug|Any CPU.ActiveCfg = Debug|Any CPU
		{53F40C7E-AD3C-4E4B-BD8C-E16CEF42E940}.Debug|Any CPU.Build.0 = Debug|Any CPU
		{53F40C7E-AD3C-4E4B-BD8C-E16CEF42E940}.Release|Any CPU.ActiveCfg = Release|Any CPU
		{53F40C7E-AD3C-4E4B-BD8C-E16CEF42E940}.Release|Any CPU.Build.0 = Release|Any CPU
	EndGlobalSection
	GlobalSection(SolutionProperties) = preSolution
		HideSolutionNode = FALSE
	EndGlobalSection
	GlobalSection(NestedProjects) = preSolution
		{E30CC388-3033-49D2-B9BB-1695E2F0E19C} = {0A0745E8-669E-44B7-92BA-DC6D65B6BEF9}
		{641AE6C5-9566-4B37-BC38-A690EBBE412A} = {0A0745E8-669E-44B7-92BA-DC6D65B6BEF9}
		{1F580412-A817-4A6A-A561-9898AB9FE4E9} = {0A0745E8-669E-44B7-92BA-DC6D65B6BEF9}
		{DC66B8DA-94EF-4470-A55D-F56AC28D3050} = {0A0745E8-669E-44B7-92BA-DC6D65B6BEF9}
		{0A0745E8-669E-44B7-92BA-DC6D65B6BEF9} = {C9CF8055-EBCC-4FF0-B800-9E30191C1AC2}
		{2E0FA651-F08A-41E2-921A-FCAFDD3CD585} = {C9CF8055-EBCC-4FF0-B800-9E30191C1AC2}
		{DC352629-0ADE-4306-97C4-58141A79FCA9} = {C9CF8055-EBCC-4FF0-B800-9E30191C1AC2}
		{D5C69123-B61B-4B63-9D67-6A2FCE26542D} = {EC1FCACE-6623-4287-9E11-A4E6FD56E7D1}
		{5A6BFE4E-5122-4FE6-8E10-42406BC0EB9E} = {EC1FCACE-6623-4287-9E11-A4E6FD56E7D1}
		{734609DA-9039-425D-9D32-A53C0527909A} = {EC1FCACE-6623-4287-9E11-A4E6FD56E7D1}
		{392A7422-FAB6-4A23-9B4E-70A0409A60F1} = {D5C69123-B61B-4B63-9D67-6A2FCE26542D}
		{21F3A5E0-CE5C-438A-99A7-11480B46850F} = {D5C69123-B61B-4B63-9D67-6A2FCE26542D}
		{02D7B9E2-9BEA-4406-A74B-1E9DB0556720} = {D5C69123-B61B-4B63-9D67-6A2FCE26542D}
		{7F6FFDB3-1443-47F3-9137-0E3B186B465E} = {D5C69123-B61B-4B63-9D67-6A2FCE26542D}
		{9B758F74-366C-4EA5-ADAE-1D06DCBAECDC} = {BC906257-2BA2-4FDC-BEE1-735E44E056DD}
		{B642E686-EE7F-4EB7-9F51-264E047EF4AB} = {BC906257-2BA2-4FDC-BEE1-735E44E056DD}
		{ACCA3F67-4C26-42AF-9EEB-0E4962139D3C} = {BC906257-2BA2-4FDC-BEE1-735E44E056DD}
		{372069D7-5C03-4981-A088-4B0A0FE6E25F} = {B642E686-EE7F-4EB7-9F51-264E047EF4AB}
		{52A3E1EC-F10C-442C-AEA6-7F6B8D94AB08} = {B642E686-EE7F-4EB7-9F51-264E047EF4AB}
		{AB995FA6-3AA8-4371-A48E-A69644D93BFA} = {B642E686-EE7F-4EB7-9F51-264E047EF4AB}
		{53F40C7E-AD3C-4E4B-BD8C-E16CEF42E940} = {B642E686-EE7F-4EB7-9F51-264E047EF4AB}
	EndGlobalSection
EndGlobal
